
Microsoft Visual Studio Solution File, Format Version 12.00
# Visual Studio Version 16
VisualStudioVersion = 16.0.30225.117
MinimumVisualStudioVersion = 10.0.40219.1
Project("{9A19103F-16F7-4668-BE54-9A1E7A4F7556}") = "Readerz.Application", "src\Readerz.Application\Readerz.Application.csproj", "{F7912399-5B54-41E1-8F1F-7E75E9549EC0}"
EndProject
Project("{9A19103F-16F7-4668-BE54-9A1E7A4F7556}") = "Readerz.Web", "src\Readerz.Web\Readerz.Web.csproj", "{C66722DA-27A0-4DEB-8C5C-E84CEC5BCC89}"
EndProject
Project("{9A19103F-16F7-4668-BE54-9A1E7A4F7556}") = "Readerz.Domain", "src\Readerz.Domain\Readerz.Domain.csproj", "{5BE5644A-C204-4157-A072-BC2AFD695531}"
EndProject
Project("{FAE04EC0-301F-11D3-BF4B-00C04F79EFBC}") = "Readerz.Infrastructure", "src\Readerz.Infrastructure\Readerz.Infrastructure.csproj", "{3E3E2A1F-1A42-4142-84A7-C2E1C4EA7448}"
EndProject
Project("{2150E333-8FDC-42A3-9474-1A3956D46DE8}") = "tests", "tests", "{9B52863A-0A79-4C17-AF0B-E9C8941AC040}"
EndProject
Project("{FAE04EC0-301F-11D3-BF4B-00C04F79EFBC}") = "Infrastructure.UnitTests", "tests\Infrastructure.UnitTests\Infrastructure.UnitTests.csproj", "{8FC80BE5-E157-4C57-9D17-424CAABE7EE2}"
EndProject
Global
	GlobalSection(SolutionConfigurationPlatforms) = preSolution
		Debug|Any CPU = Debug|Any CPU
		Release|Any CPU = Release|Any CPU
	EndGlobalSection
	GlobalSection(ProjectConfigurationPlatforms) = postSolution
		{F7912399-5B54-41E1-8F1F-7E75E9549EC0}.Debug|Any CPU.ActiveCfg = Debug|Any CPU
		{F7912399-5B54-41E1-8F1F-7E75E9549EC0}.Debug|Any CPU.Build.0 = Debug|Any CPU
		{F7912399-5B54-41E1-8F1F-7E75E9549EC0}.Release|Any CPU.ActiveCfg = Release|Any CPU
		{F7912399-5B54-41E1-8F1F-7E75E9549EC0}.Release|Any CPU.Build.0 = Release|Any CPU
		{C66722DA-27A0-4DEB-8C5C-E84CEC5BCC89}.Debug|Any CPU.ActiveCfg = Debug|Any CPU
		{C66722DA-27A0-4DEB-8C5C-E84CEC5BCC89}.Debug|Any CPU.Build.0 = Debug|Any CPU
		{C66722DA-27A0-4DEB-8C5C-E84CEC5BCC89}.Release|Any CPU.ActiveCfg = Release|Any CPU
		{C66722DA-27A0-4DEB-8C5C-E84CEC5BCC89}.Release|Any CPU.Build.0 = Release|Any CPU
		{5BE5644A-C204-4157-A072-BC2AFD695531}.Debug|Any CPU.ActiveCfg = Debug|Any CPU
		{5BE5644A-C204-4157-A072-BC2AFD695531}.Debug|Any CPU.Build.0 = Debug|Any CPU
		{5BE5644A-C204-4157-A072-BC2AFD695531}.Release|Any CPU.ActiveCfg = Release|Any CPU
		{5BE5644A-C204-4157-A072-BC2AFD695531}.Release|Any CPU.Build.0 = Release|Any CPU
		{3E3E2A1F-1A42-4142-84A7-C2E1C4EA7448}.Debug|Any CPU.ActiveCfg = Debug|Any CPU
		{3E3E2A1F-1A42-4142-84A7-C2E1C4EA7448}.Debug|Any CPU.Build.0 = Debug|Any CPU
		{3E3E2A1F-1A42-4142-84A7-C2E1C4EA7448}.Release|Any CPU.ActiveCfg = Release|Any CPU
		{3E3E2A1F-1A42-4142-84A7-C2E1C4EA7448}.Release|Any CPU.Build.0 = Release|Any CPU
		{8FC80BE5-E157-4C57-9D17-424CAABE7EE2}.Debug|Any CPU.ActiveCfg = Debug|Any CPU
		{8FC80BE5-E157-4C57-9D17-424CAABE7EE2}.Debug|Any CPU.Build.0 = Debug|Any CPU
		{8FC80BE5-E157-4C57-9D17-424CAABE7EE2}.Release|Any CPU.ActiveCfg = Release|Any CPU
		{8FC80BE5-E157-4C57-9D17-424CAABE7EE2}.Release|Any CPU.Build.0 = Release|Any CPU
	EndGlobalSection
	GlobalSection(SolutionProperties) = preSolution
		HideSolutionNode = FALSE
	EndGlobalSection
	GlobalSection(ExtensibilityGlobals) = postSolution
		SolutionGuid = {26A47CA4-BE72-44BA-8CC2-6FBA145C3F9D}
	EndGlobalSection
	GlobalSection(NestedProjects) = preSolution
		{8FC80BE5-E157-4C57-9D17-424CAABE7EE2} = {9B52863A-0A79-4C17-AF0B-E9C8941AC040}
	EndGlobalSection
EndGlobal
